PODS:
  - Alamofire (5.4.3)
  - AnyCodable-FlightSchool (0.4.1)
  - BigInt (5.2.0)
  - BinanceChain (1.0.1-beta):
    - BinanceChain/Core (= 1.0.1-beta)
  - BinanceChain/Core (1.0.1-beta):
    - Alamofire
    - BinanceChain/Libraries
    - BinanceChain/Protobuf
    - BinanceChain/Util
    - HDWalletKit
    - secp256k1.swift
    - Starscream (~> 3.1)
    - SwiftDate (~> 6.0.1)
    - SwiftProtobuf (~> 1.4)
    - SwiftyJSON
    - XCGLogger (~> 7.0)
  - BinanceChain/Libraries (1.0.1-beta)
  - BinanceChain/Protobuf (1.0.1-beta)
  - BinanceChain/Util (1.0.1-beta)
  - BitcoinCore.swift (0.15.4)
  - CryptoSwift (1.4.0)
  - HDWalletKit (0.3.5):
    - CryptoSwift
    - secp256k1.swift
  - Moya (14.0.0):
    - Moya/Core (= 14.0.0)
  - Moya/Core (14.0.0):
    - Alamofire (~> 5.0)
  - ObjcExceptionBridging (1.0.1):
    - ObjcExceptionBridging/ObjcExceptionBridging (= 1.0.1)
  - ObjcExceptionBridging/ObjcExceptionBridging (1.0.1)
  - PromiseKit (6.8.5):
    - PromiseKit/CorePromise (= 6.8.5)
    - PromiseKit/Foundation (= 6.8.5)
    - PromiseKit/UIKit (= 6.8.5)
  - PromiseKit/CorePromise (6.8.5)
  - PromiseKit/Foundation (6.8.5):
    - PromiseKit/CorePromise
  - PromiseKit/UIKit (6.8.5):
    - PromiseKit/CorePromise
  - secp256k1.swift (0.1.4)
  - Sodium (0.9.1)
  - Starscream (3.1.1)
  - stellar-ios-mac-sdk (1.9.7)
  - SwiftCBOR (0.4.3)
  - SwiftDate (6.0.3)
  - SwiftProtobuf (1.16.0)
  - SwiftyJSON (5.0.1)
  - TangemSdk (2.4.2)
  - web3swift (2.2.1):
    - BigInt
    - CryptoSwift
    - PromiseKit (~> 6.8.4)
    - secp256k1.swift
    - Starscream (~> 3.1.0)
  - XCGLogger (7.0.1):
    - XCGLogger/Core (= 7.0.1)
  - XCGLogger/Core (7.0.1):
    - ObjcExceptionBridging

DEPENDENCIES:
  - Alamofire
  - AnyCodable-FlightSchool
  - BigInt
  - BinanceChain (from `https://github.com/lazutkin-andrey/swiftbinancechain.git`, tag `0.0.7`)
  - BitcoinCore.swift (from `https://github.com/lazutkin-andrey/bitcoincore.git`, tag `0.0.13`)
  - HDWalletKit (from `https://github.com/lazutkin-andrey/hdwallet.git`, tag `0.3.12`)
  - Moya
  - Sodium
  - stellar-ios-mac-sdk
  - SwiftCBOR
  - SwiftyJSON
  - TangemSdk (from `https://github.com/Tangem/tangem-sdk-ios.git`, tag `build-110`)
  - web3swift (from `https://github.com/lazutkin-andrey/web3swift.git`, tag `2.2.6`)

SPEC REPOS:
  trunk:
    - Alamofire
    - AnyCodable-FlightSchool
    - BigInt
    - CryptoSwift
    - Moya
    - ObjcExceptionBridging
    - PromiseKit
    - secp256k1.swift
    - Sodium
    - Starscream
    - stellar-ios-mac-sdk
    - SwiftCBOR
    - SwiftDate
    - SwiftProtobuf
    - SwiftyJSON
    - XCGLogger

EXTERNAL SOURCES:
  BinanceChain:
    :git: https://github.com/lazutkin-andrey/swiftbinancechain.git
    :tag: 0.0.7
  BitcoinCore.swift:
    :git: https://github.com/lazutkin-andrey/bitcoincore.git
    :tag: 0.0.13
  HDWalletKit:
    :git: https://github.com/lazutkin-andrey/hdwallet.git
    :tag: 0.3.12
  TangemSdk:
    :git: https://github.com/Tangem/tangem-sdk-ios.git
    :tag: build-110
  web3swift:
    :git: https://github.com/lazutkin-andrey/web3swift.git
    :tag: 2.2.6

CHECKOUT OPTIONS:
  BinanceChain:
    :git: https://github.com/lazutkin-andrey/swiftbinancechain.git
    :tag: 0.0.7
  BitcoinCore.swift:
    :git: https://github.com/lazutkin-andrey/bitcoincore.git
    :tag: 0.0.13
  HDWalletKit:
    :git: https://github.com/lazutkin-andrey/hdwallet.git
    :tag: 0.3.12
  TangemSdk:
    :git: https://github.com/Tangem/tangem-sdk-ios.git
    :tag: build-110
  web3swift:
    :git: https://github.com/lazutkin-andrey/web3swift.git
    :tag: 2.2.6

SPEC CHECKSUMS:
  Alamofire: e447a2774a40c996748296fa2c55112fdbbc42f9
  AnyCodable-FlightSchool: d27283db6e9feaddb0fa73a25835e5cdf41b3213
  BigInt: f668a80089607f521586bbe29513d708491ef2f7
  BinanceChain: 590254fcbe333b0374c69f5ea80f56afb291bb26
  BitcoinCore.swift: 64ac4e69d9a6ef917bcbb0c23f1324cf57a822fb
  CryptoSwift: 7cc902df1784de3b389a387756c7d710f197730c
  HDWalletKit: 5f03c82ab8ac7972951feae247780d39823f04ea
  Moya: 5b45dacb75adb009f97fde91c204c1e565d31916
  ObjcExceptionBridging: c30e00eb3700467e695faeea30e26e18bd445001
  PromiseKit: 9616b0afef31eae56ab9ce044c8ec2b8612a15cd
  secp256k1.swift: a7e7a214f6db6ce5db32cc6b2b45e5c4dd633634
  Sodium: 23d11554ecd556196d313cf6130d406dfe7ac6da
  Starscream: 4bb2f9942274833f7b4d296a55504dcfc7edb7b0
  stellar-ios-mac-sdk: e2040245ce3479fee1e5c4f334f2c0e9de2bbd4e
  SwiftCBOR: c7d740966575e0fd5d971466de2b6776db3f10c3
  SwiftDate: 8d4f14bf1ef68e95094511504856547bf9e3e1a6
  SwiftProtobuf: 4e16842b83c6fda06b10fac50d73b3f1fce8ab7b
  SwiftyJSON: 2f33a42c6fbc52764d96f13368585094bfd8aa5e
  TangemSdk: 511458380dddc9b71e29d064cfb35c44806e5d5e
  web3swift: 21ab60f3c80aea2366ebf016f377e5cb654909bf
  XCGLogger: 1943831ef907df55108b0b18657953f868de973b

PODFILE CHECKSUM: b206c16eb98f8de3a080d553ced1cdd972297bc2

COCOAPODS: 1.10.1
