{
  "originHash" : "1cf5dd977524809e063852014ed42f1e17e990112a76550ad375a7406eca0914",
  "pins" : [
    {
      "identity" : "secp256k1.swift",
      "kind" : "remoteSourceControl",
      "location" : "https://github.com/GigaBitcoin/secp256k1.swift.git",
      "state" : {
        "revision" : "1a14e189def5eaa92f839afdd2faad8e43b61a6e",
        "version" : "0.12.2"
      }
    },
    {
      "identity" : "swift-protobuf-binaries",
      "kind" : "remoteSourceControl",
      "location" : "https://github.com/tangem/swift-protobuf-binaries.git",
      "state" : {
        "revision" : "de30521530591d98be12133724e3d78bc0524e41",
        "version" : "1.25.2-tangem1"
      }
    },
    {
      "identity" : "tweetnacl-swiftwrap",
      "kind" : "remoteSourceControl",
      "location" : "https://github.com/bitmark-inc/tweetnacl-swiftwrap",
      "state" : {
        "revision" : "f8fd111642bf2336b11ef9ea828510693106e954",
        "version" : "1.1.0"
      }
    }
  ],
  "version" : 3
}
